
Microsoft Visual Studio Solution File, Format Version 12.00
# Visual Studio Version 18
VisualStudioVersion = 18.5.11801.241 oobstable
MinimumVisualStudioVersion = 10.0.40219.1
Project("{FAE04EC0-301F-11D3-BF4B-00C04F79EFBC}") = "CybersecurityChatbotWPF", "CybersecurityChatbotWPF.csproj", "{CA59EEA2-FCDB-2318-2E48-54BBDC09B92B}"
EndProject
Global
	GlobalSection(SolutionConfigurationPlatforms) = preSolution
		Debug|Any CPU = Debug|Any CPU
		Release|Any CPU = Release|Any CPU
	EndGlobalSection
	GlobalSection(ProjectConfigurationPlatforms) = postSolution
		{CA59EEA2-FCDB-2318-2E48-54BBDC09B92B}.Debug|Any CPU.ActiveCfg = Debug|Any CPU
		{CA59EEA2-FCDB-2318-2E48-54BBDC09B92B}.Debug|Any CPU.Build.0 = Debug|Any CPU
		{CA59EEA2-FCDB-2318-2E48-54BBDC09B92B}.Release|Any CPU.ActiveCfg = Release|Any CPU
		{CA59EEA2-FCDB-2318-2E48-54BBDC09B92B}.Release|Any CPU.Build.0 = Release|Any CPU
	EndGlobalSection
	GlobalSection(SolutionProperties) = preSolution
		HideSolutionNode = FALSE
	EndGlobalSection
	GlobalSection(ExtensibilityGlobals) = postSolution
		SolutionGuid = {B77AD530-2ACD-428A-9F98-6D7B518D6965}
	EndGlobalSection
EndGlobal
